Microsoft Visual Studio Solution File, Format Version 12.00
# Visual Studio Version 17
VisualStudioVersion = 17.5.2.0
MinimumVisualStudioVersion = 10.0.40219.1
Project("{FAE04EC0-301F-11D3-BF4B-00C04F79EFBC}") = "Method_Tasks", "Method_Tasks.csproj", "{64B3EBFA-73C1-A1BA-C72E-A2E44E2E5B6F}"
EndProject
Global
	GlobalSection(SolutionConfigurationPlatforms) = preSolution
		Debug|Any CPU = Debug|Any CPU
		Release|Any CPU = Release|Any CPU
	EndGlobalSection
	GlobalSection(ProjectConfigurationPlatforms) = postSolution
		{64B3EBFA-73C1-A1BA-C72E-A2E44E2E5B6F}.Debug|Any CPU.ActiveCfg = Debug|Any CPU
		{64B3EBFA-73C1-A1BA-C72E-A2E44E2E5B6F}.Debug|Any CPU.Build.0 = Debug|Any CPU
		{64B3EBFA-73C1-A1BA-C72E-A2E44E2E5B6F}.Release|Any CPU.ActiveCfg = Release|Any CPU
		{64B3EBFA-73C1-A1BA-C72E-A2E44E2E5B6F}.Release|Any CPU.Build.0 = Release|Any CPU
	EndGlobalSection
	GlobalSection(SolutionProperties) = preSolution
		HideSolutionNode = FALSE
	EndGlobalSection
	GlobalSection(ExtensibilityGlobals) = postSolution
		SolutionGuid = {CEADFF97-D3BD-422B-8127-DE26A9B5AA03}
	EndGlobalSection
EndGlobal
