Microsoft Visual Studio Solution File, Format Version 12.00
# Visual Studio Version 17
VisualStudioVersion = 17.5.2.0
MinimumVisualStudioVersion = 10.0.40219.1
Project("{FAE04EC0-301F-11D3-BF4B-00C04F79EFBC}") = "if_operator", "if_operator.csproj", "{CFEDB701-3ED5-E2CF-5E72-2D05A7374164}"
EndProject
Global
	GlobalSection(SolutionConfigurationPlatforms) = preSolution
		Debug|Any CPU = Debug|Any CPU
		Release|Any CPU = Release|Any CPU
	EndGlobalSection
	GlobalSection(ProjectConfigurationPlatforms) = postSolution
		{CFEDB701-3ED5-E2CF-5E72-2D05A7374164}.Debug|Any CPU.ActiveCfg = Debug|Any CPU
		{CFEDB701-3ED5-E2CF-5E72-2D05A7374164}.Debug|Any CPU.Build.0 = Debug|Any CPU
		{CFEDB701-3ED5-E2CF-5E72-2D05A7374164}.Release|Any CPU.ActiveCfg = Release|Any CPU
		{CFEDB701-3ED5-E2CF-5E72-2D05A7374164}.Release|Any CPU.Build.0 = Release|Any CPU
	EndGlobalSection
	GlobalSection(SolutionProperties) = preSolution
		HideSolutionNode = FALSE
	EndGlobalSection
	GlobalSection(ExtensibilityGlobals) = postSolution
		SolutionGuid = {2FAB39D7-D394-45D8-AB68-C16BC629F0EF}
	EndGlobalSection
EndGlobal
