
Microsoft Visual Studio Solution File, Format Version 12.00
Project("{FAE04EC0-301F-11D3-BF4B-00C04F79EFBC}") = "EnumsAmpel_ExE_1", "EnumsAmpel_ExE_1.csproj", "{8C6B6026-68D8-4F23-B757-32AA19748DFF}"
EndProject
Global
	GlobalSection(SolutionConfigurationPlatforms) = preSolution
		Debug|Any CPU = Debug|Any CPU
		Release|Any CPU = Release|Any CPU
	EndGlobalSection
	GlobalSection(ProjectConfigurationPlatforms) = postSolution
		{8C6B6026-68D8-4F23-B757-32AA19748DFF}.Debug|Any CPU.ActiveCfg = Debug|Any CPU
		{8C6B6026-68D8-4F23-B757-32AA19748DFF}.Debug|Any CPU.Build.0 = Debug|Any CPU
		{8C6B6026-68D8-4F23-B757-32AA19748DFF}.Release|Any CPU.ActiveCfg = Release|Any CPU
		{8C6B6026-68D8-4F23-B757-32AA19748DFF}.Release|Any CPU.Build.0 = Release|Any CPU
	EndGlobalSection
EndGlobal
